
Microsoft Visual Studio Solution File, Format Version 12.00
# Visual Studio Version 17
VisualStudioVersion = 17.0.31903.59
MinimumVisualStudioVersion = 10.0.40219.1
Project("{2150E333-8FDC-42A3-9474-1A3956D46DE8}") = "Tests", "Tests", "{D6CF39B7-2B54-4C28-869D-1FD481F1F8E1}"
EndProject
Project("{2150E333-8FDC-42A3-9474-1A3956D46DE8}") = "Server", "Server", "{447F4FC7-68FE-40C0-BF53-542AC6CCE1CA}"
EndProject
Project("{2150E333-8FDC-42A3-9474-1A3956D46DE8}") = "Common", "Common", "{2F0A49D1-8D2C-496D-B6B5-A92BD2640968}"
EndProject
Project("{2150E333-8FDC-42A3-9474-1A3956D46DE8}") = "Client", "Client", "{B307CE5E-9889-4DFC-A6FC-9413A5B36442}"
EndProject
Project("{9A19103F-16F7-4668-BE54-9A1E7A4F7556}") = "MediaSearch.Models", "MediaSearch.Models\MediaSearch.Models.csproj", "{4EBAE16D-62F7-4271-BEC8-647D10F6E05E}"
EndProject
Project("{9A19103F-16F7-4668-BE54-9A1E7A4F7556}") = "MediaSearch.Server", "MediaSearch.Server\MediaSearch.Server.csproj", "{D8B19314-28EA-4D6D-892E-00C374A5648B}"
EndProject
Project("{9A19103F-16F7-4668-BE54-9A1E7A4F7556}") = "MediaSearch.Server.Services", "MediaSearch.Server.Services\MediaSearch.Server.Services.csproj", "{9B2235B7-47E2-4A35-8254-F2950148DA16}"
EndProject
Project("{9A19103F-16F7-4668-BE54-9A1E7A4F7556}") = "MediaSearch.Client", "MediaSearch.Client\MediaSearch.Client.csproj", "{51D377F3-79E5-44F6-AE92-1FA42C526D2A}"
EndProject
Project("{9A19103F-16F7-4668-BE54-9A1E7A4F7556}") = "MediaSearch.Server.Test", "MediaSearch.Server.Test\MediaSearch.Server.Test.csproj", "{A20565DC-81B6-4476-B3F4-C2BBD74C45E0}"
EndProject
Project("{9A19103F-16F7-4668-BE54-9A1E7A4F7556}") = "MediaSearch.Models.Test", "MediaSearch.Models.Test\MediaSearch.Models.Test.csproj", "{A7E8FF3E-70B9-4793-934E-48C0CEAE08A6}"
EndProject
Project("{9A19103F-16F7-4668-BE54-9A1E7A4F7556}") = "MediaSearch.Client.Services", "MediaSearch.Client.Services\MediaSearch.Client.Services.csproj", "{937D1028-6A37-4A04-A675-82474C87E6D2}"
EndProject
Project("{9A19103F-16F7-4668-BE54-9A1E7A4F7556}") = "MediaSearch.Storage.Test", "MediaSearch.Storage.Test\MediaSearch.Storage.Test.csproj", "{F4455766-3753-45C7-BDB0-DDAFC1811E66}"
EndProject
Project("{9A19103F-16F7-4668-BE54-9A1E7A4F7556}") = "MediaSearch.Storage", "MediaSearch.Storage\MediaSearch.Storage.csproj", "{EB15C834-C369-4CAC-BCA2-305EB4EF0095}"
EndProject
Project("{2150E333-8FDC-42A3-9474-1A3956D46DE8}") = "Utilities", "Utilities", "{9775513C-0E50-40F4-870F-96CC85875D10}"
EndProject
Project("{9A19103F-16F7-4668-BE54-9A1E7A4F7556}") = "BuildMoviesJson", "BuildMoviesJson\BuildMoviesJson.csproj", "{0831DB7F-A017-4EA7-914F-D8C72FCA245B}"
EndProject
Project("{9A19103F-16F7-4668-BE54-9A1E7A4F7556}") = "MediaSearch.Test.Support", "MediaSearch.Test.Support\MediaSearch.Test.Support.csproj", "{FE69F05D-0462-4013-8E5F-C1D71674E911}"
EndProject
Global
	GlobalSection(SolutionConfigurationPlatforms) = preSolution
		Debug|Any CPU = Debug|Any CPU
		Release|Any CPU = Release|Any CPU
	EndGlobalSection
	GlobalSection(ProjectConfigurationPlatforms) = postSolution
		{4EBAE16D-62F7-4271-BEC8-647D10F6E05E}.Debug|Any CPU.ActiveCfg = Debug|Any CPU
		{4EBAE16D-62F7-4271-BEC8-647D10F6E05E}.Debug|Any CPU.Build.0 = Debug|Any CPU
		{4EBAE16D-62F7-4271-BEC8-647D10F6E05E}.Release|Any CPU.ActiveCfg = Release|Any CPU
		{4EBAE16D-62F7-4271-BEC8-647D10F6E05E}.Release|Any CPU.Build.0 = Release|Any CPU
		{D8B19314-28EA-4D6D-892E-00C374A5648B}.Debug|Any CPU.ActiveCfg = Debug|Any CPU
		{D8B19314-28EA-4D6D-892E-00C374A5648B}.Debug|Any CPU.Build.0 = Debug|Any CPU
		{D8B19314-28EA-4D6D-892E-00C374A5648B}.Release|Any CPU.ActiveCfg = Release|Any CPU
		{D8B19314-28EA-4D6D-892E-00C374A5648B}.Release|Any CPU.Build.0 = Release|Any CPU
		{9B2235B7-47E2-4A35-8254-F2950148DA16}.Debug|Any CPU.ActiveCfg = Debug|Any CPU
		{9B2235B7-47E2-4A35-8254-F2950148DA16}.Debug|Any CPU.Build.0 = Debug|Any CPU
		{9B2235B7-47E2-4A35-8254-F2950148DA16}.Release|Any CPU.ActiveCfg = Release|Any CPU
		{9B2235B7-47E2-4A35-8254-F2950148DA16}.Release|Any CPU.Build.0 = Release|Any CPU
		{51D377F3-79E5-44F6-AE92-1FA42C526D2A}.Debug|Any CPU.ActiveCfg = Debug|Any CPU
		{51D377F3-79E5-44F6-AE92-1FA42C526D2A}.Debug|Any CPU.Build.0 = Debug|Any CPU
		{51D377F3-79E5-44F6-AE92-1FA42C526D2A}.Release|Any CPU.ActiveCfg = Release|Any CPU
		{51D377F3-79E5-44F6-AE92-1FA42C526D2A}.Release|Any CPU.Build.0 = Release|Any CPU
		{A20565DC-81B6-4476-B3F4-C2BBD74C45E0}.Debug|Any CPU.ActiveCfg = Debug|Any CPU
		{A20565DC-81B6-4476-B3F4-C2BBD74C45E0}.Debug|Any CPU.Build.0 = Debug|Any CPU
		{A20565DC-81B6-4476-B3F4-C2BBD74C45E0}.Release|Any CPU.ActiveCfg = Release|Any CPU
		{A20565DC-81B6-4476-B3F4-C2BBD74C45E0}.Release|Any CPU.Build.0 = Release|Any CPU
		{A7E8FF3E-70B9-4793-934E-48C0CEAE08A6}.Debug|Any CPU.ActiveCfg = Debug|Any CPU
		{A7E8FF3E-70B9-4793-934E-48C0CEAE08A6}.Debug|Any CPU.Build.0 = Debug|Any CPU
		{A7E8FF3E-70B9-4793-934E-48C0CEAE08A6}.Release|Any CPU.ActiveCfg = Release|Any CPU
		{A7E8FF3E-70B9-4793-934E-48C0CEAE08A6}.Release|Any CPU.Build.0 = Release|Any CPU
		{937D1028-6A37-4A04-A675-82474C87E6D2}.Debug|Any CPU.ActiveCfg = Debug|Any CPU
		{937D1028-6A37-4A04-A675-82474C87E6D2}.Debug|Any CPU.Build.0 = Debug|Any CPU
		{937D1028-6A37-4A04-A675-82474C87E6D2}.Release|Any CPU.ActiveCfg = Release|Any CPU
		{937D1028-6A37-4A04-A675-82474C87E6D2}.Release|Any CPU.Build.0 = Release|Any CPU
		{F4455766-3753-45C7-BDB0-DDAFC1811E66}.Debug|Any CPU.ActiveCfg = Debug|Any CPU
		{F4455766-3753-45C7-BDB0-DDAFC1811E66}.Debug|Any CPU.Build.0 = Debug|Any CPU
		{F4455766-3753-45C7-BDB0-DDAFC1811E66}.Release|Any CPU.ActiveCfg = Release|Any CPU
		{F4455766-3753-45C7-BDB0-DDAFC1811E66}.Release|Any CPU.Build.0 = Release|Any CPU
		{EB15C834-C369-4CAC-BCA2-305EB4EF0095}.Debug|Any CPU.ActiveCfg = Debug|Any CPU
		{EB15C834-C369-4CAC-BCA2-305EB4EF0095}.Debug|Any CPU.Build.0 = Debug|Any CPU
		{EB15C834-C369-4CAC-BCA2-305EB4EF0095}.Release|Any CPU.ActiveCfg = Release|Any CPU
		{EB15C834-C369-4CAC-BCA2-305EB4EF0095}.Release|Any CPU.Build.0 = Release|Any CPU
		{0831DB7F-A017-4EA7-914F-D8C72FCA245B}.Debug|Any CPU.ActiveCfg = Debug|Any CPU
		{0831DB7F-A017-4EA7-914F-D8C72FCA245B}.Debug|Any CPU.Build.0 = Debug|Any CPU
		{0831DB7F-A017-4EA7-914F-D8C72FCA245B}.Release|Any CPU.ActiveCfg = Release|Any CPU
		{0831DB7F-A017-4EA7-914F-D8C72FCA245B}.Release|Any CPU.Build.0 = Release|Any CPU
		{FE69F05D-0462-4013-8E5F-C1D71674E911}.Debug|Any CPU.ActiveCfg = Debug|Any CPU
		{FE69F05D-0462-4013-8E5F-C1D71674E911}.Debug|Any CPU.Build.0 = Debug|Any CPU
		{FE69F05D-0462-4013-8E5F-C1D71674E911}.Release|Any CPU.ActiveCfg = Release|Any CPU
		{FE69F05D-0462-4013-8E5F-C1D71674E911}.Release|Any CPU.Build.0 = Release|Any CPU
	EndGlobalSection
	GlobalSection(SolutionProperties) = preSolution
		HideSolutionNode = FALSE
	EndGlobalSection
	GlobalSection(NestedProjects) = preSolution
		{4EBAE16D-62F7-4271-BEC8-647D10F6E05E} = {2F0A49D1-8D2C-496D-B6B5-A92BD2640968}
		{D8B19314-28EA-4D6D-892E-00C374A5648B} = {447F4FC7-68FE-40C0-BF53-542AC6CCE1CA}
		{9B2235B7-47E2-4A35-8254-F2950148DA16} = {447F4FC7-68FE-40C0-BF53-542AC6CCE1CA}
		{51D377F3-79E5-44F6-AE92-1FA42C526D2A} = {B307CE5E-9889-4DFC-A6FC-9413A5B36442}
		{A20565DC-81B6-4476-B3F4-C2BBD74C45E0} = {D6CF39B7-2B54-4C28-869D-1FD481F1F8E1}
		{A7E8FF3E-70B9-4793-934E-48C0CEAE08A6} = {D6CF39B7-2B54-4C28-869D-1FD481F1F8E1}
		{937D1028-6A37-4A04-A675-82474C87E6D2} = {B307CE5E-9889-4DFC-A6FC-9413A5B36442}
		{F4455766-3753-45C7-BDB0-DDAFC1811E66} = {D6CF39B7-2B54-4C28-869D-1FD481F1F8E1}
		{EB15C834-C369-4CAC-BCA2-305EB4EF0095} = {2F0A49D1-8D2C-496D-B6B5-A92BD2640968}
		{0831DB7F-A017-4EA7-914F-D8C72FCA245B} = {9775513C-0E50-40F4-870F-96CC85875D10}
		{FE69F05D-0462-4013-8E5F-C1D71674E911} = {D6CF39B7-2B54-4C28-869D-1FD481F1F8E1}
	EndGlobalSection
	GlobalSection(ExtensibilityGlobals) = postSolution
		SolutionGuid = {2446CAF6-7821-4538-B9A5-18226B00E475}
	EndGlobalSection
EndGlobal
