
Microsoft Visual Studio Solution File, Format Version 12.00
# Visual Studio Version 17
VisualStudioVersion = 17.0.31903.59
MinimumVisualStudioVersion = 10.0.40219.1
Project("{2150E333-8FDC-42A3-9474-1A3956D46DE8}") = "Server", "Server", "{447F4FC7-68FE-40C0-BF53-542AC6CCE1CA}"
EndProject
Project("{2150E333-8FDC-42A3-9474-1A3956D46DE8}") = "Client", "Client", "{B307CE5E-9889-4DFC-A6FC-9413A5B36442}"
EndProject
Project("{9A19103F-16F7-4668-BE54-9A1E7A4F7556}") = "MediaSearch.Server", "MediaSearch.Server\MediaSearch.Server.csproj", "{D8B19314-28EA-4D6D-892E-00C374A5648B}"
EndProject
Project("{9A19103F-16F7-4668-BE54-9A1E7A4F7556}") = "MediaSearch.Server.Services", "MediaSearch.Server.Services\MediaSearch.Server.Services.csproj", "{9B2235B7-47E2-4A35-8254-F2950148DA16}"
EndProject
Project("{9A19103F-16F7-4668-BE54-9A1E7A4F7556}") = "MediaSearch.Client", "MediaSearch.Client\MediaSearch.Client.csproj", "{51D377F3-79E5-44F6-AE92-1FA42C526D2A}"
EndProject
Project("{9A19103F-16F7-4668-BE54-9A1E7A4F7556}") = "MediaSearch.Server.Test", "MediaSearch.Server.Test\MediaSearch.Server.Test.csproj", "{A20565DC-81B6-4476-B3F4-C2BBD74C45E0}"
EndProject
Project("{9A19103F-16F7-4668-BE54-9A1E7A4F7556}") = "MediaSearch.Client.Services", "MediaSearch.Client.Services\MediaSearch.Client.Services.csproj", "{937D1028-6A37-4A04-A675-82474C87E6D2}"
EndProject
Project("{2150E333-8FDC-42A3-9474-1A3956D46DE8}") = "Utilities", "Utilities", "{9775513C-0E50-40F4-870F-96CC85875D10}"
EndProject
Project("{9A19103F-16F7-4668-BE54-9A1E7A4F7556}") = "BuildMoviesJson", "BuildMoviesJson\BuildMoviesJson.csproj", "{0831DB7F-A017-4EA7-914F-D8C72FCA245B}"
EndProject
Project("{9A19103F-16F7-4668-BE54-9A1E7A4F7556}") = "MediaSearch.Models2", "MediaSearch.Models2\MediaSearch.Models2.csproj", "{DDAACB65-038E-4C0A-B2B2-3FD8B918B3B6}"
EndProject
Project("{9A19103F-16F7-4668-BE54-9A1E7A4F7556}") = "MediaSearch.Models2.Test", "MediaSearch.Models2.Test\MediaSearch.Models2.Test.csproj", "{C24C727E-D705-4691-846F-935CD46BB312}"
EndProject
Project("{9A19103F-16F7-4668-BE54-9A1E7A4F7556}") = "MediaSearch.Storage2", "MediaSearch.Storage2\MediaSearch.Storage2.csproj", "{ED3FAAB4-E18F-4EFC-B96F-0912DFC31160}"
EndProject
Project("{2150E333-8FDC-42A3-9474-1A3956D46DE8}") = "Common2", "Common2", "{A7D8835F-10C5-44DF-951B-BFA170CE7309}"
EndProject
Project("{9A19103F-16F7-4668-BE54-9A1E7A4F7556}") = "MediaSearch.Storage2.Test", "MediaSearch.Storage2.Test\MediaSearch.Storage2.Test.csproj", "{AE9BBA2C-738D-473E-9032-4E5502CE7659}"
EndProject
Project("{2150E333-8FDC-42A3-9474-1A3956D46DE8}") = "Models", "Models", "{2D207613-9BAB-4613-A91F-801078414BED}"
EndProject
Project("{2150E333-8FDC-42A3-9474-1A3956D46DE8}") = "Storage", "Storage", "{2A5C378C-0034-4044-852C-A42349FFF1D7}"
EndProject
Global
	GlobalSection(SolutionConfigurationPlatforms) = preSolution
		Debug|Any CPU = Debug|Any CPU
		Release|Any CPU = Release|Any CPU
	EndGlobalSection
	GlobalSection(ProjectConfigurationPlatforms) = postSolution
		{D8B19314-28EA-4D6D-892E-00C374A5648B}.Debug|Any CPU.ActiveCfg = Debug|Any CPU
		{D8B19314-28EA-4D6D-892E-00C374A5648B}.Debug|Any CPU.Build.0 = Debug|Any CPU
		{D8B19314-28EA-4D6D-892E-00C374A5648B}.Release|Any CPU.ActiveCfg = Release|Any CPU
		{D8B19314-28EA-4D6D-892E-00C374A5648B}.Release|Any CPU.Build.0 = Release|Any CPU
		{9B2235B7-47E2-4A35-8254-F2950148DA16}.Debug|Any CPU.ActiveCfg = Debug|Any CPU
		{9B2235B7-47E2-4A35-8254-F2950148DA16}.Debug|Any CPU.Build.0 = Debug|Any CPU
		{9B2235B7-47E2-4A35-8254-F2950148DA16}.Release|Any CPU.ActiveCfg = Release|Any CPU
		{9B2235B7-47E2-4A35-8254-F2950148DA16}.Release|Any CPU.Build.0 = Release|Any CPU
		{51D377F3-79E5-44F6-AE92-1FA42C526D2A}.Debug|Any CPU.ActiveCfg = Debug|Any CPU
		{51D377F3-79E5-44F6-AE92-1FA42C526D2A}.Debug|Any CPU.Build.0 = Debug|Any CPU
		{51D377F3-79E5-44F6-AE92-1FA42C526D2A}.Release|Any CPU.ActiveCfg = Release|Any CPU
		{51D377F3-79E5-44F6-AE92-1FA42C526D2A}.Release|Any CPU.Build.0 = Release|Any CPU
		{A20565DC-81B6-4476-B3F4-C2BBD74C45E0}.Debug|Any CPU.ActiveCfg = Debug|Any CPU
		{A20565DC-81B6-4476-B3F4-C2BBD74C45E0}.Debug|Any CPU.Build.0 = Debug|Any CPU
		{A20565DC-81B6-4476-B3F4-C2BBD74C45E0}.Release|Any CPU.ActiveCfg = Release|Any CPU
		{A20565DC-81B6-4476-B3F4-C2BBD74C45E0}.Release|Any CPU.Build.0 = Release|Any CPU
		{937D1028-6A37-4A04-A675-82474C87E6D2}.Debug|Any CPU.ActiveCfg = Debug|Any CPU
		{937D1028-6A37-4A04-A675-82474C87E6D2}.Debug|Any CPU.Build.0 = Debug|Any CPU
		{937D1028-6A37-4A04-A675-82474C87E6D2}.Release|Any CPU.ActiveCfg = Release|Any CPU
		{937D1028-6A37-4A04-A675-82474C87E6D2}.Release|Any CPU.Build.0 = Release|Any CPU
		{0831DB7F-A017-4EA7-914F-D8C72FCA245B}.Debug|Any CPU.ActiveCfg = Debug|Any CPU
		{0831DB7F-A017-4EA7-914F-D8C72FCA245B}.Debug|Any CPU.Build.0 = Debug|Any CPU
		{0831DB7F-A017-4EA7-914F-D8C72FCA245B}.Release|Any CPU.ActiveCfg = Release|Any CPU
		{0831DB7F-A017-4EA7-914F-D8C72FCA245B}.Release|Any CPU.Build.0 = Release|Any CPU
		{DDAACB65-038E-4C0A-B2B2-3FD8B918B3B6}.Debug|Any CPU.ActiveCfg = Debug|Any CPU
		{DDAACB65-038E-4C0A-B2B2-3FD8B918B3B6}.Debug|Any CPU.Build.0 = Debug|Any CPU
		{DDAACB65-038E-4C0A-B2B2-3FD8B918B3B6}.Release|Any CPU.ActiveCfg = Release|Any CPU
		{DDAACB65-038E-4C0A-B2B2-3FD8B918B3B6}.Release|Any CPU.Build.0 = Release|Any CPU
		{C24C727E-D705-4691-846F-935CD46BB312}.Debug|Any CPU.ActiveCfg = Debug|Any CPU
		{C24C727E-D705-4691-846F-935CD46BB312}.Debug|Any CPU.Build.0 = Debug|Any CPU
		{C24C727E-D705-4691-846F-935CD46BB312}.Release|Any CPU.ActiveCfg = Release|Any CPU
		{C24C727E-D705-4691-846F-935CD46BB312}.Release|Any CPU.Build.0 = Release|Any CPU
		{ED3FAAB4-E18F-4EFC-B96F-0912DFC31160}.Debug|Any CPU.ActiveCfg = Debug|Any CPU
		{ED3FAAB4-E18F-4EFC-B96F-0912DFC31160}.Release|Any CPU.ActiveCfg = Release|Any CPU
		{ED3FAAB4-E18F-4EFC-B96F-0912DFC31160}.Release|Any CPU.Build.0 = Release|Any CPU
		{AE9BBA2C-738D-473E-9032-4E5502CE7659}.Debug|Any CPU.ActiveCfg = Debug|Any CPU
		{AE9BBA2C-738D-473E-9032-4E5502CE7659}.Release|Any CPU.ActiveCfg = Release|Any CPU
		{AE9BBA2C-738D-473E-9032-4E5502CE7659}.Release|Any CPU.Build.0 = Release|Any CPU
	EndGlobalSection
	GlobalSection(SolutionProperties) = preSolution
		HideSolutionNode = FALSE
	EndGlobalSection
	GlobalSection(NestedProjects) = preSolution
		{D8B19314-28EA-4D6D-892E-00C374A5648B} = {447F4FC7-68FE-40C0-BF53-542AC6CCE1CA}
		{9B2235B7-47E2-4A35-8254-F2950148DA16} = {447F4FC7-68FE-40C0-BF53-542AC6CCE1CA}
		{51D377F3-79E5-44F6-AE92-1FA42C526D2A} = {B307CE5E-9889-4DFC-A6FC-9413A5B36442}
		{A20565DC-81B6-4476-B3F4-C2BBD74C45E0} = {447F4FC7-68FE-40C0-BF53-542AC6CCE1CA}
		{937D1028-6A37-4A04-A675-82474C87E6D2} = {B307CE5E-9889-4DFC-A6FC-9413A5B36442}
		{0831DB7F-A017-4EA7-914F-D8C72FCA245B} = {9775513C-0E50-40F4-870F-96CC85875D10}
		{DDAACB65-038E-4C0A-B2B2-3FD8B918B3B6} = {2D207613-9BAB-4613-A91F-801078414BED}
		{C24C727E-D705-4691-846F-935CD46BB312} = {2D207613-9BAB-4613-A91F-801078414BED}
		{ED3FAAB4-E18F-4EFC-B96F-0912DFC31160} = {2A5C378C-0034-4044-852C-A42349FFF1D7}
		{AE9BBA2C-738D-473E-9032-4E5502CE7659} = {2A5C378C-0034-4044-852C-A42349FFF1D7}
		{2D207613-9BAB-4613-A91F-801078414BED} = {A7D8835F-10C5-44DF-951B-BFA170CE7309}
		{2A5C378C-0034-4044-852C-A42349FFF1D7} = {A7D8835F-10C5-44DF-951B-BFA170CE7309}
	EndGlobalSection
	GlobalSection(ExtensibilityGlobals) = postSolution
		SolutionGuid = {2446CAF6-7821-4538-B9A5-18226B00E475}
	EndGlobalSection
EndGlobal
