
Microsoft Visual Studio Solution File, Format Version 12.00
# Visual Studio Version 17
VisualStudioVersion = 17.0.31903.59
MinimumVisualStudioVersion = 10.0.40219.1
Project("{9A19103F-16F7-4668-BE54-9A1E7A4F7556}") = "MovieSearchServer", "MovieSearchServer\MovieSearchServer\MovieSearchServer.csproj", "{69577F33-94BC-4370-AA71-AD45CCF00666}"
EndProject
Project("{9A19103F-16F7-4668-BE54-9A1E7A4F7556}") = "MovieSearchServerServices", "MovieSearchServer\MovieSearchServerServices\MovieSearchServerServices.csproj", "{84443E3B-EF02-49B1-B025-F966F1FC03C3}"
EndProject
Project("{9A19103F-16F7-4668-BE54-9A1E7A4F7556}") = "MovieSearchModels", "MovieSearchShared\MovieSearchModels\MovieSearchModels.csproj", "{206A68D1-0C44-4EB9-B69C-91BE4D0A0E61}"
EndProject
Project("{9A19103F-16F7-4668-BE54-9A1E7A4F7556}") = "MovieSearchTest", "MovieSearchTest\MovieSearchTest.csproj", "{6B8F4084-E720-4907-9504-C8A7A53D6342}"
EndProject
Project("{2150E333-8FDC-42A3-9474-1A3956D46DE8}") = "Tests", "Tests", "{D6CF39B7-2B54-4C28-869D-1FD481F1F8E1}"
EndProject
Project("{2150E333-8FDC-42A3-9474-1A3956D46DE8}") = "Server", "Server", "{447F4FC7-68FE-40C0-BF53-542AC6CCE1CA}"
EndProject
Project("{2150E333-8FDC-42A3-9474-1A3956D46DE8}") = "Common", "Common", "{2F0A49D1-8D2C-496D-B6B5-A92BD2640968}"
EndProject
Global
	GlobalSection(SolutionConfigurationPlatforms) = preSolution
		Debug|Any CPU = Debug|Any CPU
		Release|Any CPU = Release|Any CPU
	EndGlobalSection
	GlobalSection(ProjectConfigurationPlatforms) = postSolution
		{69577F33-94BC-4370-AA71-AD45CCF00666}.Debug|Any CPU.ActiveCfg = Debug|Any CPU
		{69577F33-94BC-4370-AA71-AD45CCF00666}.Debug|Any CPU.Build.0 = Debug|Any CPU
		{69577F33-94BC-4370-AA71-AD45CCF00666}.Release|Any CPU.ActiveCfg = Release|Any CPU
		{69577F33-94BC-4370-AA71-AD45CCF00666}.Release|Any CPU.Build.0 = Release|Any CPU
		{84443E3B-EF02-49B1-B025-F966F1FC03C3}.Debug|Any CPU.ActiveCfg = Debug|Any CPU
		{84443E3B-EF02-49B1-B025-F966F1FC03C3}.Debug|Any CPU.Build.0 = Debug|Any CPU
		{84443E3B-EF02-49B1-B025-F966F1FC03C3}.Release|Any CPU.ActiveCfg = Release|Any CPU
		{84443E3B-EF02-49B1-B025-F966F1FC03C3}.Release|Any CPU.Build.0 = Release|Any CPU
		{206A68D1-0C44-4EB9-B69C-91BE4D0A0E61}.Debug|Any CPU.ActiveCfg = Debug|Any CPU
		{206A68D1-0C44-4EB9-B69C-91BE4D0A0E61}.Debug|Any CPU.Build.0 = Debug|Any CPU
		{206A68D1-0C44-4EB9-B69C-91BE4D0A0E61}.Release|Any CPU.ActiveCfg = Release|Any CPU
		{206A68D1-0C44-4EB9-B69C-91BE4D0A0E61}.Release|Any CPU.Build.0 = Release|Any CPU
		{6B8F4084-E720-4907-9504-C8A7A53D6342}.Debug|Any CPU.ActiveCfg = Debug|Any CPU
		{6B8F4084-E720-4907-9504-C8A7A53D6342}.Debug|Any CPU.Build.0 = Debug|Any CPU
		{6B8F4084-E720-4907-9504-C8A7A53D6342}.Release|Any CPU.ActiveCfg = Release|Any CPU
		{6B8F4084-E720-4907-9504-C8A7A53D6342}.Release|Any CPU.Build.0 = Release|Any CPU
	EndGlobalSection
	GlobalSection(SolutionProperties) = preSolution
		HideSolutionNode = FALSE
	EndGlobalSection
	GlobalSection(NestedProjects) = preSolution
		{69577F33-94BC-4370-AA71-AD45CCF00666} = {447F4FC7-68FE-40C0-BF53-542AC6CCE1CA}
		{84443E3B-EF02-49B1-B025-F966F1FC03C3} = {447F4FC7-68FE-40C0-BF53-542AC6CCE1CA}
		{206A68D1-0C44-4EB9-B69C-91BE4D0A0E61} = {2F0A49D1-8D2C-496D-B6B5-A92BD2640968}
		{6B8F4084-E720-4907-9504-C8A7A53D6342} = {D6CF39B7-2B54-4C28-869D-1FD481F1F8E1}
	EndGlobalSection
	GlobalSection(ExtensibilityGlobals) = postSolution
		SolutionGuid = {2446CAF6-7821-4538-B9A5-18226B00E475}
	EndGlobalSection
EndGlobal
